
Microsoft Visual Studio Solution File, Format Version 12.00
# Visual Studio Version 16
VisualStudioVersion = 16.0.32002.261
MinimumVisualStudioVersion = 10.0.40219.1
Project("{FAE04EC0-301F-11D3-BF4B-00C04F79EFBC}") = "TestData", "TestData\TestData.csproj", "{80CAC872-E658-455F-9934-1E86AF19C476}"
EndProject
Project("{FAE04EC0-301F-11D3-BF4B-00C04F79EFBC}") = "AcadInc21", "AcadInc21\AcadInc21.csproj", "{C6AE0AB5-2931-4299-993F-9EC3EEC0704F}"
EndProject
Project("{FAE04EC0-301F-11D3-BF4B-00C04F79EFBC}") = "AcadInc22", "AcadInc22\AcadInc22.csproj", "{D53C4A58-31CD-4665-A254-A7FF7B63434C}"
EndProject
Project("{FAE04EC0-301F-11D3-BF4B-00C04F79EFBC}") = "AcadInc20", "AcadInc20\AcadInc20.csproj", "{8185CBA5-D642-4432-92E8-F2F25FDBC20A}"
EndProject
Project("{FAE04EC0-301F-11D3-BF4B-00C04F79EFBC}") = "ExcelDataEnv22", "ExcelDataEnv22\ExcelDataEnv22.csproj", "{8F48149B-36B3-4D44-B806-862DFAA26B95}"
EndProject
Project("{FAE04EC0-301F-11D3-BF4B-00C04F79EFBC}") = "ExcelDataEnv20", "ExcelDataEnv20\ExcelDataEnv20.csproj", "{07BFF35C-A323-40CA-8167-F0845D6DA033}"
EndProject
Global
	GlobalSection(SolutionConfigurationPlatforms) = preSolution
		Debug|Any CPU = Debug|Any CPU
		Release|Any CPU = Release|Any CPU
	EndGlobalSection
	GlobalSection(ProjectConfigurationPlatforms) = postSolution
		{80CAC872-E658-455F-9934-1E86AF19C476}.Debug|Any CPU.ActiveCfg = Debug|Any CPU
		{80CAC872-E658-455F-9934-1E86AF19C476}.Debug|Any CPU.Build.0 = Debug|Any CPU
		{80CAC872-E658-455F-9934-1E86AF19C476}.Release|Any CPU.ActiveCfg = Release|Any CPU
		{C6AE0AB5-2931-4299-993F-9EC3EEC0704F}.Debug|Any CPU.ActiveCfg = Debug|Any CPU
		{C6AE0AB5-2931-4299-993F-9EC3EEC0704F}.Debug|Any CPU.Build.0 = Debug|Any CPU
		{C6AE0AB5-2931-4299-993F-9EC3EEC0704F}.Release|Any CPU.ActiveCfg = Release|Any CPU
		{C6AE0AB5-2931-4299-993F-9EC3EEC0704F}.Release|Any CPU.Build.0 = Release|Any CPU
		{D53C4A58-31CD-4665-A254-A7FF7B63434C}.Debug|Any CPU.ActiveCfg = Debug|Any CPU
		{D53C4A58-31CD-4665-A254-A7FF7B63434C}.Debug|Any CPU.Build.0 = Debug|Any CPU
		{D53C4A58-31CD-4665-A254-A7FF7B63434C}.Release|Any CPU.ActiveCfg = Release|Any CPU
		{D53C4A58-31CD-4665-A254-A7FF7B63434C}.Release|Any CPU.Build.0 = Release|Any CPU
		{8185CBA5-D642-4432-92E8-F2F25FDBC20A}.Debug|Any CPU.ActiveCfg = Debug|Any CPU
		{8185CBA5-D642-4432-92E8-F2F25FDBC20A}.Debug|Any CPU.Build.0 = Debug|Any CPU
		{8185CBA5-D642-4432-92E8-F2F25FDBC20A}.Release|Any CPU.ActiveCfg = Release|Any CPU
		{8185CBA5-D642-4432-92E8-F2F25FDBC20A}.Release|Any CPU.Build.0 = Release|Any CPU
		{8F48149B-36B3-4D44-B806-862DFAA26B95}.Debug|Any CPU.ActiveCfg = Debug|Any CPU
		{8F48149B-36B3-4D44-B806-862DFAA26B95}.Debug|Any CPU.Build.0 = Debug|Any CPU
		{8F48149B-36B3-4D44-B806-862DFAA26B95}.Release|Any CPU.ActiveCfg = Release|Any CPU
		{8F48149B-36B3-4D44-B806-862DFAA26B95}.Release|Any CPU.Build.0 = Release|Any CPU
		{07BFF35C-A323-40CA-8167-F0845D6DA033}.Debug|Any CPU.ActiveCfg = Debug|Any CPU
		{07BFF35C-A323-40CA-8167-F0845D6DA033}.Debug|Any CPU.Build.0 = Debug|Any CPU
		{07BFF35C-A323-40CA-8167-F0845D6DA033}.Release|Any CPU.ActiveCfg = Release|Any CPU
		{07BFF35C-A323-40CA-8167-F0845D6DA033}.Release|Any CPU.Build.0 = Release|Any CPU
	EndGlobalSection
	GlobalSection(SolutionProperties) = preSolution
		HideSolutionNode = FALSE
	EndGlobalSection
	GlobalSection(ExtensibilityGlobals) = postSolution
		SolutionGuid = {F7D35892-F159-4689-B2D3-A6810DDA0FCE}
	EndGlobalSection
EndGlobal
